{
  "name": "three-to-cannon",
  "version": "1.1.2",
  "lockfileVersion": 1,
  "requires": true,
  "dependencies": {
    "cannon": {
      "version": "github:donmccurdy/cannon.js#022e8ba53fa83abf0ad8a0e4fd08623123838a17",
      "dev": true
    },
    "three": {
      "version": "0.89.0",
      "resolved": "https://registry.npmjs.org/three/-/three-0.89.0.tgz",
      "integrity": "sha1-RELYGaYWiHG40ss3rRKiQxDBcPU=",
      "dev": true
    }
  }
}
